
Microsoft Visual Studio Solution File, Format Version 12.00
# Visual Studio 15
VisualStudioVersion = 15.0.27130.2027
MinimumVisualStudioVersion = 10.0.40219.1
Project("{FAE04EC0-301F-11D3-BF4B-00C04F79EFBC}") = "WebApplication13", "WebApplication13\WebApplication13.csproj", "{B4C30244-6F61-4E0B-9BBD-F857FDC878ED}"
EndProject
Global
	GlobalSection(SolutionConfigurationPlatforms) = preSolution
		Debug|Any CPU = Debug|Any CPU
		Release|Any CPU = Release|Any CPU
	EndGlobalSection
	GlobalSection(ProjectConfigurationPlatforms) = postSolution
		{B4C30244-6F61-4E0B-9BBD-F857FDC878ED}.Debug|Any CPU.ActiveCfg = Debug|Any CPU
		{B4C30244-6F61-4E0B-9BBD-F857FDC878ED}.Debug|Any CPU.Build.0 = Debug|Any CPU
		{B4C30244-6F61-4E0B-9BBD-F857FDC878ED}.Release|Any CPU.ActiveCfg = Release|Any CPU
		{B4C30244-6F61-4E0B-9BBD-F857FDC878ED}.Release|Any CPU.Build.0 = Release|Any CPU
	EndGlobalSection
	GlobalSection(SolutionProperties) = preSolution
		HideSolutionNode = FALSE
	EndGlobalSection
	GlobalSection(ExtensibilityGlobals) = postSolution
		SolutionGuid = {FA8F52FF-7FA6-4CA1-8032-7B9C16863781}
	EndGlobalSection
EndGlobal
